
Microsoft Visual Studio Solution File, Format Version 12.00
# Visual Studio Version 17
VisualStudioVersion = 17.8.34525.116
MinimumVisualStudioVersion = 10.0.40219.1
Project("{FAE04EC0-301F-11D3-BF4B-00C04F79EFBC}") = "ST10259527_Kayla_Ferreira_POE", "ST10259527_Kayla_Ferreira_POE.csproj", "{583F3AF8-AD98-4DAF-9464-16E853CC95A3}"
EndProject
Global
	GlobalSection(SolutionConfigurationPlatforms) = preSolution
		Debug|Any CPU = Debug|Any CPU
		Release|Any CPU = Release|Any CPU
	EndGlobalSection
	GlobalSection(ProjectConfigurationPlatforms) = postSolution
		{583F3AF8-AD98-4DAF-9464-16E853CC95A3}.Debug|Any CPU.ActiveCfg = Debug|Any CPU
		{583F3AF8-AD98-4DAF-9464-16E853CC95A3}.Debug|Any CPU.Build.0 = Debug|Any CPU
		{583F3AF8-AD98-4DAF-9464-16E853CC95A3}.Release|Any CPU.ActiveCfg = Release|Any CPU
		{583F3AF8-AD98-4DAF-9464-16E853CC95A3}.Release|Any CPU.Build.0 = Release|Any CPU
	EndGlobalSection
	GlobalSection(SolutionProperties) = preSolution
		HideSolutionNode = FALSE
	EndGlobalSection
	GlobalSection(ExtensibilityGlobals) = postSolution
		SolutionGuid = {2AC548A4-0D66-4C0B-B095-EE4A37B6B422}
	EndGlobalSection
EndGlobal
